PODS:
  - HXPhotoPicker (3.3.2):
    - HXPhotoPicker/Default (= 3.3.2)
  - HXPhotoPicker/Default (3.3.2)

DEPENDENCIES:
  - HXPhotoPicker

SPEC REPOS:
  trunk:
    - HXPhotoPicker

SPEC CHECKSUMS:
  HXPhotoPicker: 3d0526bc46cd2a4510a777d5f57dfad8e683fcfd

PODFILE CHECKSUM: e4d25ac6444056e50ba66cb845ec69d84fec8071

COCOAPODS: 1.11.3
